
Microsoft Visual Studio Solution File, Format Version 12.00
# Visual Studio 15
VisualStudioVersion = 15.0.28010.2041
MinimumVisualStudioVersion = 10.0.40219.1
Project("{FAE04EC0-301F-11D3-BF4B-00C04F79EFBC}") = "WebApplication1", "WebApplication1\WebApplication1.csproj", "{37177DF1-54C8-49A2-903E-04DF723EC0B5}"
EndProject
Global
	GlobalSection(SolutionConfigurationPlatforms) = preSolution
		Debug|Any CPU = Debug|Any CPU
		Release|Any CPU = Release|Any CPU
	EndGlobalSection
	GlobalSection(ProjectConfigurationPlatforms) = postSolution
		{37177DF1-54C8-49A2-903E-04DF723EC0B5}.Debug|Any CPU.ActiveCfg = Debug|Any CPU
		{37177DF1-54C8-49A2-903E-04DF723EC0B5}.Debug|Any CPU.Build.0 = Debug|Any CPU
		{37177DF1-54C8-49A2-903E-04DF723EC0B5}.Release|Any CPU.ActiveCfg = Release|Any CPU
		{37177DF1-54C8-49A2-903E-04DF723EC0B5}.Release|Any CPU.Build.0 = Release|Any CPU
	EndGlobalSection
	GlobalSection(SolutionProperties) = preSolution
		HideSolutionNode = FALSE
	EndGlobalSection
	GlobalSection(ExtensibilityGlobals) = postSolution
		SolutionGuid = {B8C85B0D-1C59-440C-BF28-9DAB2FD09C4E}
	EndGlobalSection
EndGlobal
